
Microsoft Visual Studio Solution File, Format Version 12.00
# Visual Studio Version 17
VisualStudioVersion = 17.4.33205.214
MinimumVisualStudioVersion = 10.0.40219.1
Project("{FAE04EC0-301F-11D3-BF4B-00C04F79EFBC}") = "Test", "Test\Test.csproj", "{D1E6FBF6-BD76-4C68-8569-B4444ADBFEB8}"
EndProject
Global
	GlobalSection(SolutionConfigurationPlatforms) = preSolution
		Debug|Any CPU = Debug|Any CPU
		Release|Any CPU = Release|Any CPU
	EndGlobalSection
	GlobalSection(ProjectConfigurationPlatforms) = postSolution
		{D1E6FBF6-BD76-4C68-8569-B4444ADBFEB8}.Debug|Any CPU.ActiveCfg = Debug|Any CPU
		{D1E6FBF6-BD76-4C68-8569-B4444ADBFEB8}.Debug|Any CPU.Build.0 = Debug|Any CPU
		{D1E6FBF6-BD76-4C68-8569-B4444ADBFEB8}.Release|Any CPU.ActiveCfg = Release|Any CPU
		{D1E6FBF6-BD76-4C68-8569-B4444ADBFEB8}.Release|Any CPU.Build.0 = Release|Any CPU
	EndGlobalSection
	GlobalSection(SolutionProperties) = preSolution
		HideSolutionNode = FALSE
	EndGlobalSection
	GlobalSection(ExtensibilityGlobals) = postSolution
		SolutionGuid = {A8A19610-1E8C-4315-A9AA-F0EE7CF97787}
	EndGlobalSection
EndGlobal
