
Microsoft Visual Studio Solution File, Format Version 12.00
# Visual Studio Version 17
VisualStudioVersion = 17.4.33205.214
MinimumVisualStudioVersion = 10.0.40219.1
Project("{FAE04EC0-301F-11D3-BF4B-00C04F79EFBC}") = "Testing", "Testing\Testing.csproj", "{6B75F911-5A02-4C90-99C4-48F5D3D564AB}"
EndProject
Global
	GlobalSection(SolutionConfigurationPlatforms) = preSolution
		Debug|Any CPU = Debug|Any CPU
		Release|Any CPU = Release|Any CPU
	EndGlobalSection
	GlobalSection(ProjectConfigurationPlatforms) = postSolution
		{6B75F911-5A02-4C90-99C4-48F5D3D564AB}.Debug|Any CPU.ActiveCfg = Debug|Any CPU
		{6B75F911-5A02-4C90-99C4-48F5D3D564AB}.Debug|Any CPU.Build.0 = Debug|Any CPU
		{6B75F911-5A02-4C90-99C4-48F5D3D564AB}.Release|Any CPU.ActiveCfg = Release|Any CPU
		{6B75F911-5A02-4C90-99C4-48F5D3D564AB}.Release|Any CPU.Build.0 = Release|Any CPU
	EndGlobalSection
	GlobalSection(SolutionProperties) = preSolution
		HideSolutionNode = FALSE
	EndGlobalSection
	GlobalSection(ExtensibilityGlobals) = postSolution
		SolutionGuid = {D0B4E8E8-CCD9-44B9-92EB-5F9B6AC91EF5}
	EndGlobalSection
EndGlobal
