
Microsoft Visual Studio Solution File, Format Version 12.00
# Visual Studio Version 17
VisualStudioVersion = 17.4.33205.214
MinimumVisualStudioVersion = 10.0.40219.1
Project("{FAE04EC0-301F-11D3-BF4B-00C04F79EFBC}") = "WebForm_Mujahed", "WebForm_Mujahed\WebForm_Mujahed.csproj", "{4433B75B-20DD-4A6B-9220-9E952B89EBF6}"
EndProject
Global
	GlobalSection(SolutionConfigurationPlatforms) = preSolution
		Debug|Any CPU = Debug|Any CPU
		Release|Any CPU = Release|Any CPU
	EndGlobalSection
	GlobalSection(ProjectConfigurationPlatforms) = postSolution
		{4433B75B-20DD-4A6B-9220-9E952B89EBF6}.Debug|Any CPU.ActiveCfg = Debug|Any CPU
		{4433B75B-20DD-4A6B-9220-9E952B89EBF6}.Debug|Any CPU.Build.0 = Debug|Any CPU
		{4433B75B-20DD-4A6B-9220-9E952B89EBF6}.Release|Any CPU.ActiveCfg = Release|Any CPU
		{4433B75B-20DD-4A6B-9220-9E952B89EBF6}.Release|Any CPU.Build.0 = Release|Any CPU
	EndGlobalSection
	GlobalSection(SolutionProperties) = preSolution
		HideSolutionNode = FALSE
	EndGlobalSection
	GlobalSection(ExtensibilityGlobals) = postSolution
		SolutionGuid = {10D7C8B9-D4BE-48C2-B9CF-3B7462F314DA}
	EndGlobalSection
EndGlobal
