
Microsoft Visual Studio Solution File, Format Version 12.00
# Visual Studio Version 17
VisualStudioVersion = 17.4.33205.214
MinimumVisualStudioVersion = 10.0.40219.1
Project("{FAE04EC0-301F-11D3-BF4B-00C04F79EFBC}") = "StudentRegistrationForm", "StudentRegistrationForm\StudentRegistrationForm.csproj", "{A1CF6882-3EED-4D54-84D1-279F93B85CCB}"
EndProject
Global
	GlobalSection(SolutionConfigurationPlatforms) = preSolution
		Debug|Any CPU = Debug|Any CPU
		Release|Any CPU = Release|Any CPU
	EndGlobalSection
	GlobalSection(ProjectConfigurationPlatforms) = postSolution
		{A1CF6882-3EED-4D54-84D1-279F93B85CCB}.Debug|Any CPU.ActiveCfg = Debug|Any CPU
		{A1CF6882-3EED-4D54-84D1-279F93B85CCB}.Debug|Any CPU.Build.0 = Debug|Any CPU
		{A1CF6882-3EED-4D54-84D1-279F93B85CCB}.Release|Any CPU.ActiveCfg = Release|Any CPU
		{A1CF6882-3EED-4D54-84D1-279F93B85CCB}.Release|Any CPU.Build.0 = Release|Any CPU
	EndGlobalSection
	GlobalSection(SolutionProperties) = preSolution
		HideSolutionNode = FALSE
	EndGlobalSection
	GlobalSection(ExtensibilityGlobals) = postSolution
		SolutionGuid = {197F8C71-8101-44B8-868C-02E2F17B9BFD}
	EndGlobalSection
EndGlobal
