
Microsoft Visual Studio Solution File, Format Version 12.00
# Visual Studio Version 17
VisualStudioVersion = 17.4.33205.214
MinimumVisualStudioVersion = 10.0.40219.1
Project("{FAE04EC0-301F-11D3-BF4B-00C04F79EFBC}") = "Testing Using AI", "Testing Using AI\Testing Using AI.csproj", "{F58CD621-EED9-4A40-A468-6C259DAFB48D}"
EndProject
Global
	GlobalSection(SolutionConfigurationPlatforms) = preSolution
		Debug|Any CPU = Debug|Any CPU
		Release|Any CPU = Release|Any CPU
	EndGlobalSection
	GlobalSection(ProjectConfigurationPlatforms) = postSolution
		{F58CD621-EED9-4A40-A468-6C259DAFB48D}.Debug|Any CPU.ActiveCfg = Debug|Any CPU
		{F58CD621-EED9-4A40-A468-6C259DAFB48D}.Debug|Any CPU.Build.0 = Debug|Any CPU
		{F58CD621-EED9-4A40-A468-6C259DAFB48D}.Release|Any CPU.ActiveCfg = Release|Any CPU
		{F58CD621-EED9-4A40-A468-6C259DAFB48D}.Release|Any CPU.Build.0 = Release|Any CPU
	EndGlobalSection
	GlobalSection(SolutionProperties) = preSolution
		HideSolutionNode = FALSE
	EndGlobalSection
	GlobalSection(ExtensibilityGlobals) = postSolution
		SolutionGuid = {15289D3A-9095-40EE-B470-DC4A4E1A72EF}
	EndGlobalSection
EndGlobal
