
Microsoft Visual Studio Solution File, Format Version 12.00
# Visual Studio Version 17
VisualStudioVersion = 17.4.33205.214
MinimumVisualStudioVersion = 10.0.40219.1
Project("{9A19103F-16F7-4668-BE54-9A1E7A4F7556}") = "Employees_Mujahed", "Employees_Mujahed\Employees_Mujahed.csproj", "{E6DAFF91-1DA3-421C-ABDF-82EC6AE8F42D}"
EndProject
Project("{FAE04EC0-301F-11D3-BF4B-00C04F79EFBC}") = "pactice for helper tag", "pactice for helper tag\pactice for helper tag.csproj", "{7E841021-DA3A-4976-8D7F-AB391F96E84E}"
EndProject
Global
	GlobalSection(SolutionConfigurationPlatforms) = preSolution
		Debug|Any CPU = Debug|Any CPU
		Release|Any CPU = Release|Any CPU
	EndGlobalSection
	GlobalSection(ProjectConfigurationPlatforms) = postSolution
		{E6DAFF91-1DA3-421C-ABDF-82EC6AE8F42D}.Debug|Any CPU.ActiveCfg = Debug|Any CPU
		{E6DAFF91-1DA3-421C-ABDF-82EC6AE8F42D}.Debug|Any CPU.Build.0 = Debug|Any CPU
		{E6DAFF91-1DA3-421C-ABDF-82EC6AE8F42D}.Release|Any CPU.ActiveCfg = Release|Any CPU
		{E6DAFF91-1DA3-421C-ABDF-82EC6AE8F42D}.Release|Any CPU.Build.0 = Release|Any CPU
		{7E841021-DA3A-4976-8D7F-AB391F96E84E}.Debug|Any CPU.ActiveCfg = Debug|Any CPU
		{7E841021-DA3A-4976-8D7F-AB391F96E84E}.Debug|Any CPU.Build.0 = Debug|Any CPU
		{7E841021-DA3A-4976-8D7F-AB391F96E84E}.Release|Any CPU.ActiveCfg = Release|Any CPU
		{7E841021-DA3A-4976-8D7F-AB391F96E84E}.Release|Any CPU.Build.0 = Release|Any CPU
	EndGlobalSection
	GlobalSection(SolutionProperties) = preSolution
		HideSolutionNode = FALSE
	EndGlobalSection
	GlobalSection(ExtensibilityGlobals) = postSolution
		SolutionGuid = {11626C6B-7D47-402D-B6BB-6B10B67D4CC3}
	EndGlobalSection
EndGlobal
