
Microsoft Visual Studio Solution File, Format Version 12.00
# Visual Studio Version 17
VisualStudioVersion = 17.4.33205.214
MinimumVisualStudioVersion = 10.0.40219.1
Project("{FAE04EC0-301F-11D3-BF4B-00C04F79EFBC}") = "EmployeeDetails", "EmployeeDetails\EmployeeDetails.csproj", "{68A6C89D-8622-409F-8F3C-D1EFB7AEB604}"
EndProject
Global
	GlobalSection(SolutionConfigurationPlatforms) = preSolution
		Debug|Any CPU = Debug|Any CPU
		Release|Any CPU = Release|Any CPU
	EndGlobalSection
	GlobalSection(ProjectConfigurationPlatforms) = postSolution
		{68A6C89D-8622-409F-8F3C-D1EFB7AEB604}.Debug|Any CPU.ActiveCfg = Debug|Any CPU
		{68A6C89D-8622-409F-8F3C-D1EFB7AEB604}.Debug|Any CPU.Build.0 = Debug|Any CPU
		{68A6C89D-8622-409F-8F3C-D1EFB7AEB604}.Release|Any CPU.ActiveCfg = Release|Any CPU
		{68A6C89D-8622-409F-8F3C-D1EFB7AEB604}.Release|Any CPU.Build.0 = Release|Any CPU
	EndGlobalSection
	GlobalSection(SolutionProperties) = preSolution
		HideSolutionNode = FALSE
	EndGlobalSection
	GlobalSection(ExtensibilityGlobals) = postSolution
		SolutionGuid = {BD77DD0C-BF03-442B-B57D-FBD69939A612}
	EndGlobalSection
EndGlobal
