
Microsoft Visual Studio Solution File, Format Version 12.00
# Visual Studio Version 17
VisualStudioVersion = 17.4.33205.214
MinimumVisualStudioVersion = 10.0.40219.1
Project("{FAE04EC0-301F-11D3-BF4B-00C04F79EFBC}") = "Letter Combinations of a Phone Number", "Letter Combinations of a Phone Number\Letter Combinations of a Phone Number.csproj", "{5B979CCC-6464-4D8B-9AA1-2FCF4E7E3FD4}"
EndProject
Global
	GlobalSection(SolutionConfigurationPlatforms) = preSolution
		Debug|Any CPU = Debug|Any CPU
		Release|Any CPU = Release|Any CPU
	EndGlobalSection
	GlobalSection(ProjectConfigurationPlatforms) = postSolution
		{5B979CCC-6464-4D8B-9AA1-2FCF4E7E3FD4}.Debug|Any CPU.ActiveCfg = Debug|Any CPU
		{5B979CCC-6464-4D8B-9AA1-2FCF4E7E3FD4}.Debug|Any CPU.Build.0 = Debug|Any CPU
		{5B979CCC-6464-4D8B-9AA1-2FCF4E7E3FD4}.Release|Any CPU.ActiveCfg = Release|Any CPU
		{5B979CCC-6464-4D8B-9AA1-2FCF4E7E3FD4}.Release|Any CPU.Build.0 = Release|Any CPU
	EndGlobalSection
	GlobalSection(SolutionProperties) = preSolution
		HideSolutionNode = FALSE
	EndGlobalSection
	GlobalSection(ExtensibilityGlobals) = postSolution
		SolutionGuid = {012220A8-7E59-4991-9AAA-71E99EE281C5}
	EndGlobalSection
EndGlobal
